
Microsoft Visual Studio Solution File, Format Version 12.00
# Visual Studio Version 17
VisualStudioVersion = 17.3.32929.385
MinimumVisualStudioVersion = 10.0.40219.1
Project("{9A19103F-16F7-4668-BE54-9A1E7A4F7556}") = "_01CSharp基础", "ConsoleApp_Test\_01CSharp基础.csproj", "{D2F3302A-9527-49E4-9EA8-97CD0DDFCD84}"
EndProject
Project("{9A19103F-16F7-4668-BE54-9A1E7A4F7556}") = "_02飞行棋游戏", "飞行棋\_02飞行棋游戏.csproj", "{44A22164-B726-486E-B352-2E0DC830A03D}"
EndProject
Project("{9A19103F-16F7-4668-BE54-9A1E7A4F7556}") = "_03多态", "_03多态\_03多态.csproj", "{01A2A4F7-55D3-40A4-9933-15491CF4B4A3}"
EndProject
Project("{9A19103F-16F7-4668-BE54-9A1E7A4F7556}") = "_04泛型", "_04泛型\_04泛型.csproj", "{7E248BC6-F1EE-4130-BA6E-2CACC8FA366B}"
EndProject
Project("{9A19103F-16F7-4668-BE54-9A1E7A4F7556}") = "_05反射", "_05反射\_05反射.csproj", "{BF5CE7C0-D2B9-4D19-B793-61D01716344A}"
EndProject
Project("{9A19103F-16F7-4668-BE54-9A1E7A4F7556}") = "_05反射DB.Interface", "_05反射DB.Interface\_05反射DB.Interface.csproj", "{453B1867-EED1-4D65-AE8E-2959D1CA04DA}"
EndProject
Project("{9A19103F-16F7-4668-BE54-9A1E7A4F7556}") = "_05反射DB.Mysql", "_05反射DB.Mysql\_05反射DB.Mysql.csproj", "{4460E12A-412D-4D95-B888-2AF64868305C}"
EndProject
Project("{9A19103F-16F7-4668-BE54-9A1E7A4F7556}") = "_05反射DB.SqlServer", "_05反射DB.SqlServer\_05反射DB.SqlServer.csproj", "{658B0AD7-B40E-4C4E-AC32-120EC014219B}"
EndProject
Project("{9A19103F-16F7-4668-BE54-9A1E7A4F7556}") = "_06特性", "_06特性\_06特性.csproj", "{2A5C89C2-162C-4524-9CA1-6E249505757E}"
EndProject
Project("{9A19103F-16F7-4668-BE54-9A1E7A4F7556}") = "_07面向对象MyOO", "_07面向对象MyOO\_07面向对象MyOO.csproj", "{B010272D-679E-4B96-8437-A727D3D7F866}"
EndProject
Project("{9A19103F-16F7-4668-BE54-9A1E7A4F7556}") = "_08委托和事件", "_08委托和事件\_08委托和事件.csproj", "{9B4C01BF-8C8B-45B9-BCB3-D6336253965F}"
EndProject
Project("{9A19103F-16F7-4668-BE54-9A1E7A4F7556}") = "_09系统IO和序列化", "_09系统IO和序列化\_09系统IO和序列化.csproj", "{18434982-8F81-4C4A-93F3-F9C1442167FC}"
EndProject
Project("{9A19103F-16F7-4668-BE54-9A1E7A4F7556}") = "_10Linq表达式", "_10Linq表达式\_10Linq表达式.csproj", "{A6909C06-03BD-4D91-A3E1-E34012A3ED30}"
EndProject
Project("{9A19103F-16F7-4668-BE54-9A1E7A4F7556}") = "_11表达式目录树", "_11表达式目录树\_11表达式目录树.csproj", "{4D9E7A53-E96F-4056-A6B5-CBE272B4568F}"
EndProject
Project("{9A19103F-16F7-4668-BE54-9A1E7A4F7556}") = "_12异步多线程", "_12异步多线程\_12异步多线程.csproj", "{E0AC64B0-3843-4DCA-BFF5-333AD8A4DE54}"
EndProject
Project("{9A19103F-16F7-4668-BE54-9A1E7A4F7556}") = "_12异步多线程_双色球实现", "_12异步多线程_双色球实现\_12异步多线程_双色球实现.csproj", "{98A81B69-0DF6-4839-A185-D89690BADD42}"
EndProject
Project("{9A19103F-16F7-4668-BE54-9A1E7A4F7556}") = "_12异步多线程_练习", "_12异步多线程_练习\_12异步多线程_练习.csproj", "{B0A657F6-2755-427E-B64D-57C3DF20B87A}"
EndProject
Project("{9A19103F-16F7-4668-BE54-9A1E7A4F7556}") = "_13设计模式", "_13设计模式\_13设计模式.csproj", "{961B52FD-1A59-4F00-89F0-4F24EAA17107}"
EndProject
Project("{FAE04EC0-301F-11D3-BF4B-00C04F79EFBC}") = "_14Copilot使用", "_14Copilot使用\_14Copilot使用.csproj", "{131F76CE-E8BA-4FC1-8EB7-EA3BEC5E56B3}"
EndProject
Global
	GlobalSection(SolutionConfigurationPlatforms) = preSolution
		Debug|Any CPU = Debug|Any CPU
		Release|Any CPU = Release|Any CPU
	EndGlobalSection
	GlobalSection(ProjectConfigurationPlatforms) = postSolution
		{D2F3302A-9527-49E4-9EA8-97CD0DDFCD84}.Debug|Any CPU.ActiveCfg = Debug|Any CPU
		{D2F3302A-9527-49E4-9EA8-97CD0DDFCD84}.Debug|Any CPU.Build.0 = Debug|Any CPU
		{D2F3302A-9527-49E4-9EA8-97CD0DDFCD84}.Release|Any CPU.ActiveCfg = Release|Any CPU
		{D2F3302A-9527-49E4-9EA8-97CD0DDFCD84}.Release|Any CPU.Build.0 = Release|Any CPU
		{44A22164-B726-486E-B352-2E0DC830A03D}.Debug|Any CPU.ActiveCfg = Debug|Any CPU
		{44A22164-B726-486E-B352-2E0DC830A03D}.Debug|Any CPU.Build.0 = Debug|Any CPU
		{44A22164-B726-486E-B352-2E0DC830A03D}.Release|Any CPU.ActiveCfg = Release|Any CPU
		{44A22164-B726-486E-B352-2E0DC830A03D}.Release|Any CPU.Build.0 = Release|Any CPU
		{01A2A4F7-55D3-40A4-9933-15491CF4B4A3}.Debug|Any CPU.ActiveCfg = Debug|Any CPU
		{01A2A4F7-55D3-40A4-9933-15491CF4B4A3}.Debug|Any CPU.Build.0 = Debug|Any CPU
		{01A2A4F7-55D3-40A4-9933-15491CF4B4A3}.Release|Any CPU.ActiveCfg = Release|Any CPU
		{01A2A4F7-55D3-40A4-9933-15491CF4B4A3}.Release|Any CPU.Build.0 = Release|Any CPU
		{7E248BC6-F1EE-4130-BA6E-2CACC8FA366B}.Debug|Any CPU.ActiveCfg = Debug|Any CPU
		{7E248BC6-F1EE-4130-BA6E-2CACC8FA366B}.Debug|Any CPU.Build.0 = Debug|Any CPU
		{7E248BC6-F1EE-4130-BA6E-2CACC8FA366B}.Release|Any CPU.ActiveCfg = Release|Any CPU
		{7E248BC6-F1EE-4130-BA6E-2CACC8FA366B}.Release|Any CPU.Build.0 = Release|Any CPU
		{BF5CE7C0-D2B9-4D19-B793-61D01716344A}.Debug|Any CPU.ActiveCfg = Debug|Any CPU
		{BF5CE7C0-D2B9-4D19-B793-61D01716344A}.Debug|Any CPU.Build.0 = Debug|Any CPU
		{BF5CE7C0-D2B9-4D19-B793-61D01716344A}.Release|Any CPU.ActiveCfg = Release|Any CPU
		{BF5CE7C0-D2B9-4D19-B793-61D01716344A}.Release|Any CPU.Build.0 = Release|Any CPU
		{453B1867-EED1-4D65-AE8E-2959D1CA04DA}.Debug|Any CPU.ActiveCfg = Debug|Any CPU
		{453B1867-EED1-4D65-AE8E-2959D1CA04DA}.Debug|Any CPU.Build.0 = Debug|Any CPU
		{453B1867-EED1-4D65-AE8E-2959D1CA04DA}.Release|Any CPU.ActiveCfg = Release|Any CPU
		{453B1867-EED1-4D65-AE8E-2959D1CA04DA}.Release|Any CPU.Build.0 = Release|Any CPU
		{4460E12A-412D-4D95-B888-2AF64868305C}.Debug|Any CPU.ActiveCfg = Debug|Any CPU
		{4460E12A-412D-4D95-B888-2AF64868305C}.Debug|Any CPU.Build.0 = Debug|Any CPU
		{4460E12A-412D-4D95-B888-2AF64868305C}.Release|Any CPU.ActiveCfg = Release|Any CPU
		{4460E12A-412D-4D95-B888-2AF64868305C}.Release|Any CPU.Build.0 = Release|Any CPU
		{658B0AD7-B40E-4C4E-AC32-120EC014219B}.Debug|Any CPU.ActiveCfg = Debug|Any CPU
		{658B0AD7-B40E-4C4E-AC32-120EC014219B}.Debug|Any CPU.Build.0 = Debug|Any CPU
		{658B0AD7-B40E-4C4E-AC32-120EC014219B}.Release|Any CPU.ActiveCfg = Release|Any CPU
		{658B0AD7-B40E-4C4E-AC32-120EC014219B}.Release|Any CPU.Build.0 = Release|Any CPU
		{2A5C89C2-162C-4524-9CA1-6E249505757E}.Debug|Any CPU.ActiveCfg = Debug|Any CPU
		{2A5C89C2-162C-4524-9CA1-6E249505757E}.Debug|Any CPU.Build.0 = Debug|Any CPU
		{2A5C89C2-162C-4524-9CA1-6E249505757E}.Release|Any CPU.ActiveCfg = Release|Any CPU
		{2A5C89C2-162C-4524-9CA1-6E249505757E}.Release|Any CPU.Build.0 = Release|Any CPU
		{B010272D-679E-4B96-8437-A727D3D7F866}.Debug|Any CPU.ActiveCfg = Debug|Any CPU
		{B010272D-679E-4B96-8437-A727D3D7F866}.Debug|Any CPU.Build.0 = Debug|Any CPU
		{B010272D-679E-4B96-8437-A727D3D7F866}.Release|Any CPU.ActiveCfg = Release|Any CPU
		{B010272D-679E-4B96-8437-A727D3D7F866}.Release|Any CPU.Build.0 = Release|Any CPU
		{9B4C01BF-8C8B-45B9-BCB3-D6336253965F}.Debug|Any CPU.ActiveCfg = Debug|Any CPU
		{9B4C01BF-8C8B-45B9-BCB3-D6336253965F}.Debug|Any CPU.Build.0 = Debug|Any CPU
		{9B4C01BF-8C8B-45B9-BCB3-D6336253965F}.Release|Any CPU.ActiveCfg = Release|Any CPU
		{9B4C01BF-8C8B-45B9-BCB3-D6336253965F}.Release|Any CPU.Build.0 = Release|Any CPU
		{18434982-8F81-4C4A-93F3-F9C1442167FC}.Debug|Any CPU.ActiveCfg = Debug|Any CPU
		{18434982-8F81-4C4A-93F3-F9C1442167FC}.Debug|Any CPU.Build.0 = Debug|Any CPU
		{18434982-8F81-4C4A-93F3-F9C1442167FC}.Release|Any CPU.ActiveCfg = Release|Any CPU
		{18434982-8F81-4C4A-93F3-F9C1442167FC}.Release|Any CPU.Build.0 = Release|Any CPU
		{A6909C06-03BD-4D91-A3E1-E34012A3ED30}.Debug|Any CPU.ActiveCfg = Debug|Any CPU
		{A6909C06-03BD-4D91-A3E1-E34012A3ED30}.Debug|Any CPU.Build.0 = Debug|Any CPU
		{A6909C06-03BD-4D91-A3E1-E34012A3ED30}.Release|Any CPU.ActiveCfg = Release|Any CPU
		{A6909C06-03BD-4D91-A3E1-E34012A3ED30}.Release|Any CPU.Build.0 = Release|Any CPU
		{4D9E7A53-E96F-4056-A6B5-CBE272B4568F}.Debug|Any CPU.ActiveCfg = Debug|Any CPU
		{4D9E7A53-E96F-4056-A6B5-CBE272B4568F}.Debug|Any CPU.Build.0 = Debug|Any CPU
		{4D9E7A53-E96F-4056-A6B5-CBE272B4568F}.Release|Any CPU.ActiveCfg = Release|Any CPU
		{4D9E7A53-E96F-4056-A6B5-CBE272B4568F}.Release|Any CPU.Build.0 = Release|Any CPU
		{E0AC64B0-3843-4DCA-BFF5-333AD8A4DE54}.Debug|Any CPU.ActiveCfg = Debug|Any CPU
		{E0AC64B0-3843-4DCA-BFF5-333AD8A4DE54}.Debug|Any CPU.Build.0 = Debug|Any CPU
		{E0AC64B0-3843-4DCA-BFF5-333AD8A4DE54}.Release|Any CPU.ActiveCfg = Release|Any CPU
		{E0AC64B0-3843-4DCA-BFF5-333AD8A4DE54}.Release|Any CPU.Build.0 = Release|Any CPU
		{98A81B69-0DF6-4839-A185-D89690BADD42}.Debug|Any CPU.ActiveCfg = Debug|Any CPU
		{98A81B69-0DF6-4839-A185-D89690BADD42}.Debug|Any CPU.Build.0 = Debug|Any CPU
		{98A81B69-0DF6-4839-A185-D89690BADD42}.Release|Any CPU.ActiveCfg = Release|Any CPU
		{98A81B69-0DF6-4839-A185-D89690BADD42}.Release|Any CPU.Build.0 = Release|Any CPU
		{B0A657F6-2755-427E-B64D-57C3DF20B87A}.Debug|Any CPU.ActiveCfg = Debug|Any CPU
		{B0A657F6-2755-427E-B64D-57C3DF20B87A}.Debug|Any CPU.Build.0 = Debug|Any CPU
		{B0A657F6-2755-427E-B64D-57C3DF20B87A}.Release|Any CPU.ActiveCfg = Release|Any CPU
		{B0A657F6-2755-427E-B64D-57C3DF20B87A}.Release|Any CPU.Build.0 = Release|Any CPU
		{961B52FD-1A59-4F00-89F0-4F24EAA17107}.Debug|Any CPU.ActiveCfg = Debug|Any CPU
		{961B52FD-1A59-4F00-89F0-4F24EAA17107}.Debug|Any CPU.Build.0 = Debug|Any CPU
		{961B52FD-1A59-4F00-89F0-4F24EAA17107}.Release|Any CPU.ActiveCfg = Release|Any CPU
		{961B52FD-1A59-4F00-89F0-4F24EAA17107}.Release|Any CPU.Build.0 = Release|Any CPU
		{131F76CE-E8BA-4FC1-8EB7-EA3BEC5E56B3}.Debug|Any CPU.ActiveCfg = Debug|Any CPU
		{131F76CE-E8BA-4FC1-8EB7-EA3BEC5E56B3}.Debug|Any CPU.Build.0 = Debug|Any CPU
		{131F76CE-E8BA-4FC1-8EB7-EA3BEC5E56B3}.Release|Any CPU.ActiveCfg = Release|Any CPU
		{131F76CE-E8BA-4FC1-8EB7-EA3BEC5E56B3}.Release|Any CPU.Build.0 = Release|Any CPU
	EndGlobalSection
	GlobalSection(SolutionProperties) = preSolution
		HideSolutionNode = FALSE
	EndGlobalSection
	GlobalSection(ExtensibilityGlobals) = postSolution
		SolutionGuid = {16C0F199-0383-40D4-9E67-2F222C4BAAE8}
	EndGlobalSection
EndGlobal
